# This file is automatically @generated by Cargo.
# It is not intended for manual editing.
version = 3

[[package]]
name = "evm-opcode"
version = "0.1.0"

[[package]]
name = "zgen"
version = "0.0.0"

[[package]]
name = "zink"
version = "0.0.1"

[[package]]
name = "zink-cli"
version = "0.0.0"

[[package]]
name = "zinkc"
version = "0.0.0"

[[package]]
name = "zir"
version = "0.0.0"

[[package]]
name = "ztime"
version = "0.0.0"
