# This file is automatically @generated by Cargo.
# It is not intended for manual editing.
version = 3

[[package]]
name = "addition"
version = "0.1.0"
dependencies = [
 "zink",
]

[[package]]
name = "fibonacci"
version = "0.0.0"
dependencies = [
 "zink",
]

[[package]]
name = "if-else"
version = "0.1.0"
dependencies = [
 "zink",
]

[[package]]
name = "log"
version = "0.1.0"
dependencies = [
 "zink",
]

[[package]]
name = "storage"
version = "0.1.0"
dependencies = [
 "zink",
]

[[package]]
name = "zink"
version = "0.1.2"
